
Microsoft Visual Studio Solution File, Format Version 12.00
# Visual Studio Version 18
VisualStudioVersion = 18.6.11806.211 stable
MinimumVisualStudioVersion = 10.0.40219.1
Project("{FAE04EC0-301F-11D3-BF4B-00C04F79EFBC}") = "CalculadoraVerniz", "CalculadoraVerniz\CalculadoraVerniz.csproj", "{9A6C4F52-1391-C69C-6BA6-C525417B6E53}"
EndProject
Project("{FAE04EC0-301F-11D3-BF4B-00C04F79EFBC}") = "CalculadoraVerniz.API", "CalculadoraVerniz.API\CalculadoraVerniz.API.csproj", "{70D8C801-ACB2-4630-933B-C8D089D8833B}"
EndProject
Project("{FAE04EC0-301F-11D3-BF4B-00C04F79EFBC}") = "CalculadoraVerniz.Core", "CalculadoraVerniz.Core\CalculadoraVerniz.Core.csproj", "{B2C7B372-1FA8-413C-A979-44F18E7EBEFD}"
EndProject
Project("{2150E333-8FDC-42A3-9474-1A3956D46DE8}") = "CalculadoraVerniz.Frontend", "CalculadoraVerniz.Frontend", "{2BB013B5-7041-411A-96D0-32A774BA9775}"
	ProjectSection(SolutionItems) = preProject
		index.html = index.html
		script.js = script.js
		style.css = style.css
	EndProjectSection
EndProject
Global
	GlobalSection(SolutionConfigurationPlatforms) = preSolution
		Debug|Any CPU = Debug|Any CPU
		Debug|x64 = Debug|x64
		Debug|x86 = Debug|x86
		Release|Any CPU = Release|Any CPU
		Release|x64 = Release|x64
		Release|x86 = Release|x86
	EndGlobalSection
	GlobalSection(ProjectConfigurationPlatforms) = postSolution
		{9A6C4F52-1391-C69C-6BA6-C525417B6E53}.Debug|Any CPU.ActiveCfg = Debug|Any CPU
		{9A6C4F52-1391-C69C-6BA6-C525417B6E53}.Debug|Any CPU.Build.0 = Debug|Any CPU
		{9A6C4F52-1391-C69C-6BA6-C525417B6E53}.Debug|x64.ActiveCfg = Debug|Any CPU
		{9A6C4F52-1391-C69C-6BA6-C525417B6E53}.Debug|x64.Build.0 = Debug|Any CPU
		{9A6C4F52-1391-C69C-6BA6-C525417B6E53}.Debug|x86.ActiveCfg = Debug|Any CPU
		{9A6C4F52-1391-C69C-6BA6-C525417B6E53}.Debug|x86.Build.0 = Debug|Any CPU
		{9A6C4F52-1391-C69C-6BA6-C525417B6E53}.Release|Any CPU.ActiveCfg = Release|Any CPU
		{9A6C4F52-1391-C69C-6BA6-C525417B6E53}.Release|Any CPU.Build.0 = Release|Any CPU
		{9A6C4F52-1391-C69C-6BA6-C525417B6E53}.Release|x64.ActiveCfg = Release|Any CPU
		{9A6C4F52-1391-C69C-6BA6-C525417B6E53}.Release|x64.Build.0 = Release|Any CPU
		{9A6C4F52-1391-C69C-6BA6-C525417B6E53}.Release|x86.ActiveCfg = Release|Any CPU
		{9A6C4F52-1391-C69C-6BA6-C525417B6E53}.Release|x86.Build.0 = Release|Any CPU
		{70D8C801-ACB2-4630-933B-C8D089D8833B}.Debug|Any CPU.ActiveCfg = Debug|Any CPU
		{70D8C801-ACB2-4630-933B-C8D089D8833B}.Debug|Any CPU.Build.0 = Debug|Any CPU
		{70D8C801-ACB2-4630-933B-C8D089D8833B}.Debug|x64.ActiveCfg = Debug|Any CPU
		{70D8C801-ACB2-4630-933B-C8D089D8833B}.Debug|x64.Build.0 = Debug|Any CPU
		{70D8C801-ACB2-4630-933B-C8D089D8833B}.Debug|x86.ActiveCfg = Debug|Any CPU
		{70D8C801-ACB2-4630-933B-C8D089D8833B}.Debug|x86.Build.0 = Debug|Any CPU
		{70D8C801-ACB2-4630-933B-C8D089D8833B}.Release|Any CPU.ActiveCfg = Release|Any CPU
		{70D8C801-ACB2-4630-933B-C8D089D8833B}.Release|Any CPU.Build.0 = Release|Any CPU
		{70D8C801-ACB2-4630-933B-C8D089D8833B}.Release|x64.ActiveCfg = Release|Any CPU
		{70D8C801-ACB2-4630-933B-C8D089D8833B}.Release|x64.Build.0 = Release|Any CPU
		{70D8C801-ACB2-4630-933B-C8D089D8833B}.Release|x86.ActiveCfg = Release|Any CPU
		{70D8C801-ACB2-4630-933B-C8D089D8833B}.Release|x86.Build.0 = Release|Any CPU
		{B2C7B372-1FA8-413C-A979-44F18E7EBEFD}.Debug|Any CPU.ActiveCfg = Debug|Any CPU
		{B2C7B372-1FA8-413C-A979-44F18E7EBEFD}.Debug|Any CPU.Build.0 = Debug|Any CPU
		{B2C7B372-1FA8-413C-A979-44F18E7EBEFD}.Debug|x64.ActiveCfg = Debug|Any CPU
		{B2C7B372-1FA8-413C-A979-44F18E7EBEFD}.Debug|x64.Build.0 = Debug|Any CPU
		{B2C7B372-1FA8-413C-A979-44F18E7EBEFD}.Debug|x86.ActiveCfg = Debug|Any CPU
		{B2C7B372-1FA8-413C-A979-44F18E7EBEFD}.Debug|x86.Build.0 = Debug|Any CPU
		{B2C7B372-1FA8-413C-A979-44F18E7EBEFD}.Release|Any CPU.ActiveCfg = Release|Any CPU
		{B2C7B372-1FA8-413C-A979-44F18E7EBEFD}.Release|Any CPU.Build.0 = Release|Any CPU
		{B2C7B372-1FA8-413C-A979-44F18E7EBEFD}.Release|x64.ActiveCfg = Release|Any CPU
		{B2C7B372-1FA8-413C-A979-44F18E7EBEFD}.Release|x64.Build.0 = Release|Any CPU
		{B2C7B372-1FA8-413C-A979-44F18E7EBEFD}.Release|x86.ActiveCfg = Release|Any CPU
		{B2C7B372-1FA8-413C-A979-44F18E7EBEFD}.Release|x86.Build.0 = Release|Any CPU
	EndGlobalSection
	GlobalSection(SolutionProperties) = preSolution
		HideSolutionNode = FALSE
	EndGlobalSection
	GlobalSection(ExtensibilityGlobals) = postSolution
		SolutionGuid = {7525F801-BA4D-4D83-8E54-F24741C52C44}
	EndGlobalSection
EndGlobal
